PODS:
  - Charts (3.2.1):
    - Charts/Core (= 3.2.1)
  - Charts/Core (3.2.1)
  - ZXingObjC (3.2.2):
    - ZXingObjC/All (= 3.2.2)
  - ZXingObjC/All (3.2.2)

DEPENDENCIES:
  - Charts
  - ZXingObjC (~> 3.2.2)

SPEC REPOS:
  https://github.com/cocoapods/specs.git:
    - Charts
    - ZXingObjC

SPEC CHECKSUMS:
  Charts: f122fb70b19847fa5817d018b77d6c5a2296ab25
  ZXingObjC: 2c95a0dc52daac69b23ec78fad8fa2fec05f8981

PODFILE CHECKSUM: a93f524ad86e19c3aa9d29933179f6eb6a62bb85

COCOAPODS: 1.5.3
